
Microsoft Visual Studio Solution File, Format Version 12.00
# Visual Studio Version 17
VisualStudioVersion = 17.9.34728.123
MinimumVisualStudioVersion = 10.0.40219.1
Project("{FAE04EC0-301F-11D3-BF4B-00C04F79EFBC}") = "Week8EpicGame", "Week8EpicGame\Week8EpicGame.csproj", "{3D87B827-2609-4EBD-A866-4BF9E73A0EE6}"
EndProject
Global
	GlobalSection(SolutionConfigurationPlatforms) = preSolution
		Debug|Any CPU = Debug|Any CPU
		Release|Any CPU = Release|Any CPU
	EndGlobalSection
	GlobalSection(ProjectConfigurationPlatforms) = postSolution
		{3D87B827-2609-4EBD-A866-4BF9E73A0EE6}.Debug|Any CPU.ActiveCfg = Debug|Any CPU
		{3D87B827-2609-4EBD-A866-4BF9E73A0EE6}.Debug|Any CPU.Build.0 = Debug|Any CPU
		{3D87B827-2609-4EBD-A866-4BF9E73A0EE6}.Release|Any CPU.ActiveCfg = Release|Any CPU
		{3D87B827-2609-4EBD-A866-4BF9E73A0EE6}.Release|Any CPU.Build.0 = Release|Any CPU
	EndGlobalSection
	GlobalSection(SolutionProperties) = preSolution
		HideSolutionNode = FALSE
	EndGlobalSection
	GlobalSection(ExtensibilityGlobals) = postSolution
		SolutionGuid = {F70A0B8A-8535-4AEC-BBAD-01D9C44B7700}
	EndGlobalSection
EndGlobal
